// !$*UTF8*$!
{
	archiveVersion = 1;
	classes = {
	};
	objectVersion = 50;
	objects = {

/* Begin PBXBuildFile section */
		CF8CCBE92392C3A000D3241D /* AppDelegate.swift in Sources */ = {isa = PBXBuildFile; fileRef = CF8CCBE82392C3A000D3241D /* AppDelegate.swift */; };
		CF8CCBEB2392C3A000D3241D /* SceneDelegate.swift in Sources */ = {isa = PBXBuildFile; fileRef = CF8CCBEA2392C3A000D3241D /* SceneDelegate.swift */; };
		CF8CCBED2392C3A000D3241D /* ViewController.swift in Sources */ = {isa = PBXBuildFile; fileRef = CF8CCBEC2392C3A000D3241D /* ViewController.swift */; };
		CF8CCBF02392C3A000D3241D /* Main.storyboard in Resources */ = {isa = PBXBuildFile; fileRef = CF8CCBEE2392C3A000D3241D /* Main.storyboard */; };
		CF8CCBF22392C3A200D3241D /* Assets.xcassets in Resources */ = {isa = PBXBuildFile; fileRef = CF8CCBF12392C3A200D3241D /* Assets.xcassets */; };
		CF8CCBF52392C3A200D3241D /* LaunchScreen.storyboard in Resources */ = {isa = PBXBuildFile; fileRef = CF8CCBF32392C3A200D3241D /* LaunchScreen.storyboard */; };
/* End PBXBuildFile section */

/* Begin PBXFileReference section */
		CF8CCBE52392C3A000D3241D /* proyecto117.app */ = {isa = PBXFileReference; explicitFileType = wrapper.application; includeInIndex = 0; path = proyecto117.app; sourceTree = BUILT_PRODUCTS_DIR; };
		CF8CCBE82392C3A000D3241D /* AppDelegate.swift */ = {isa = PBXFileReference; lastKnownFileType = sourcecode.swift; path = AppDelegate.swift; sourceTree = "<group>"; };
		CF8CCBEA2392C3A000D3241D /* SceneDelegate.swift */ = {isa = PBXFileReference; lastKnownFileType = sourcecode.swift; path = SceneDelegate.swift; sourceTree = "<group>"; };
		CF8CCBEC2392C3A000D3241D /* ViewController.swift */ = {isa = PBXFileReference; lastKnownFileType = sourcecode.swift; path = ViewController.swift; sourceTree = "<group>"; };
		CF8CCBEF2392C3A000D3241D /* Base */ = {isa = PBXFileReference; lastKnownFileType = file.storyboard; name = Base; path = Base.lproj/Main.storyboard; sourceTree = "<group>"; };
		CF8CCBF12392C3A200D3241D /* Assets.xcassets */ = {isa = PBXFileReference; lastKnownFileType = folder.assetcatalog; path = Assets.xcassets; sourceTree = "<group>"; };
		CF8CCBF42392C3A200D3241D /* Base */ = {isa = PBXFileReference; lastKnownFileType = file.storyboard; name = Base; path = Base.lproj/LaunchScreen.storyboard; sourceTree = "<group>"; };
		CF8CCBF62392C3A200D3241D /* Info.plist */ = {isa = PBXFileReference; lastKnownFileType = text.plist.xml; path = Info.plist; sourceTree = "<group>"; };
/* End PBXFileReference section */

/* Begin PBXFrameworksBuildPhase section */
		CF8CCBE22392C3A000D3241D /* Frameworks */ = {
			isa = PBXFrameworksBuildPhase;
			buildActionMask = 2147483647;
			files = (
			);
			runOnlyForDeploymentPostprocessing = 0;
		};
/* End PBXFrameworksBuildPhase section */

/* Begin PBXGroup section */
		CF8CCBDC2392C3A000D3241D = {
			isa = PBXGroup;
			children = (
				CF8CCBE72392C3A000D3241D /* proyecto117 */,
				CF8CCBE62392C3A000D3241D /* Products */,
			);
			sourceTree = "<group>";
		};
		CF8CCBE62392C3A000D3241D /* Products */ = {
			isa = PBXGroup;
			children = (
				CF8CCBE52392C3A000D3241D /* proyecto117.app */,
			);
			name = Products;
			sourceTree = "<group>";
		};
		CF8CCBE72392C3A000D3241D /* proyecto117 */ = {
			isa = PBXGroup;
			children = (
				CF8CCBE82392C3A000D3241D /* AppDelegate.swift */,
				CF8CCBEA2392C3A000D3241D /* SceneDelegate.swift */,
				CF8CCBEC2392C3A000D3241D /* ViewController.swift */,
				CF8CCBEE2392C3A000D3241D /* Main.storyboard */,
				CF8CCBF12392C3A200D3241D /* Assets.xcassets */,
				CF8CCBF32392C3A200D3241D /* LaunchScreen.storyboard */,
				CF8CCBF62392C3A200D3241D /* Info.plist */,
			);
			path = proyecto117;
			sourceTree = "<group>";
		};
/* End PBXGroup section */

/* Begin PBXNativeTarget section */
		CF8CCBE42392C3A000D3241D /* proyecto117 */ = {
			isa = PBXNativeTarget;
			buildConfigurationList = CF8CCBF92392C3A200D3241D /* Build configuration list for PBXNativeTarget "proyecto117" */;
			buildPhases = (
				CF8CCBE12392C3A000D3241D /* Sources */,
				CF8CCBE22392C3A000D3241D /* Frameworks */,
				CF8CCBE32392C3A000D3241D /* Resources */,
			);
			buildRules = (
			);
			dependencies = (
			);
			name = proyecto117;
			productName = proyecto117;
			productReference = CF8CCBE52392C3A000D3241D /* proyecto117.app */;
			productType = "com.apple.product-type.application";
		};
/* End PBXNativeTarget section */

/* Begin PBXProject section */
		CF8CCBDD2392C3A000D3241D /* Project object */ = {
			isa = PBXProject;
			attributes = {
				LastSwiftUpdateCheck = 1120;
				LastUpgradeCheck = 1120;
				ORGANIZATIONNAME = UNAM;
				TargetAttributes = {
					CF8CCBE42392C3A000D3241D = {
						CreatedOnToolsVersion = 11.2.1;
					};
				};
			};
			buildConfigurationList = CF8CCBE02392C3A000D3241D /* Build configuration list for PBXProject "proyecto117" */;
			compatibilityVersion = "Xcode 9.3";
			developmentRegion = en;
			hasScannedForEncodings = 0;
			knownRegions = (
				en,
				Base,
			);
			mainGroup = CF8CCBDC2392C3A000D3241D;
			productRefGroup = CF8CCBE62392C3A000D3241D /* Products */;
			projectDirPath = "";
			projectRoot = "";
			targets = (
				CF8CCBE42392C3A000D3241D /* proyecto117 */,
			);
		};
/* End PBXProject section */

/* Begin PBXResourcesBuildPhase section */
		CF8CCBE32392C3A000D3241D /* Resources */ = {
			isa = PBXResourcesBuildPhase;
			buildActionMask = 2147483647;
			files = (
				CF8CCBF52392C3A200D3241D /* LaunchScreen.storyboard in Resources */,
				CF8CCBF22392C3A200D3241D /* Assets.xcassets in Resources */,
				CF8CCBF02392C3A000D3241D /* Main.storyboard in Resources */,
			);
			runOnlyForDeploymentPostprocessing = 0;
		};
/* End PBXResourcesBuildPhase section */

/* Begin PBXSourcesBuildPhase section */
		CF8CCBE12392C3A000D3241D /* Sources */ = {
			isa = PBXSourcesBuildPhase;
			buildActionMask = 2147483647;
			files = (
				CF8CCBED2392C3A000D3241D /* ViewController.swift in Sources */,
				CF8CCBE92392C3A000D3241D /* AppDelegate.swift in Sources */,
				CF8CCBEB2392C3A000D3241D /* SceneDelegate.swift in Sources */,
			);
			runOnlyForDeploymentPostprocessing = 0;
		};
/* End PBXSourcesBuildPhase section */

/* Begin PBXVariantGroup section */
		CF8CCBEE2392C3A000D3241D /* Main.storyboard */ = {
			isa = PBXVariantGroup;
			children = (
				CF8CCBEF2392C3A000D3241D /* Base */,
			);
			name = Main.storyboard;
			sourceTree = "<group>";
		};
		CF8CCBF32392C3A200D3241D /* LaunchScreen.storyboard */ = {
			isa = PBXVariantGroup;
			children = (
				CF8CCBF42392C3A200D3241D /* Base */,
			);
			name = LaunchScreen.storyboard;
			sourceTree = "<group>";
		};
/* End PBXVariantGroup section */

/* Begin XCBuildConfiguration section */
		CF8CCBF72392C3A200D3241D /* Debug */ = {
			isa = XCBuildConfiguration;
			buildSettings = {
				ALWAYS_SEARCH_USER_PATHS = NO;
				CLANG_ANALYZER_NONNULL = YES;
				CLANG_ANALYZER_NUMBER_OBJECT_CONVERSION = YES_AGGRESSIVE;
				CLANG_CXX_LANGUAGE_STANDARD = "gnu++14";
				CLANG_CXX_LIBRARY = "libc++";
				CLANG_ENABLE_MODULES = YES;
				CLANG_ENABLE_OBJC_ARC = YES;
				CLANG_ENABLE_OBJC_WEAK = YES;
				CLANG_WARN_BLOCK_CAPTURE_AUTORELEASING = YES;
				CLANG_WARN_BOOL_CONVERSION = YES;
				CLANG_WARN_COMMA = YES;
				CLANG_WARN_CONSTANT_CONVERSION = YES;
				CLANG_WARN_DEPRECATED_OBJC_IMPLEMENTATIONS = YES;
				CLANG_WARN_DIRECT_OBJC_ISA_USAGE = YES_ERROR;
				CLANG_WARN_DOCUMENTATION_COMMENTS = YES;
				CLANG_WARN_EMPTY_BODY = YES;
				CLANG_WARN_ENUM_CONVERSION = YES;
				CLANG_WARN_INFINITE_RECURSION = YES;
				CLANG_WARN_INT_CONVERSION = YES;
				CLANG_WARN_NON_LITERAL_NULL_CONVERSION = YES;
				CLANG_WARN_OBJC_IMPLICIT_RETAIN_SELF = YES;
				CLANG_WARN_OBJC_LITERAL_CONVERSION = YES;
				CLANG_WARN_OBJC_ROOT_CLASS = YES_ERROR;
				CLANG_WARN_RANGE_LOOP_ANALYSIS = YES;
				CLANG_WARN_STRICT_PROTOTYPES = YES;
				CLANG_WARN_SUSPICIOUS_MOVE = YES;
				CLANG_WARN_UNGUARDED_AVAILABILITY = YES_AGGRESSIVE;
				CLANG_WARN_UNREACHABLE_CODE = YES;
				CLANG_WARN__DUPLICATE_METHOD_MATCH = YES;
				COPY_PHASE_STRIP = NO;
				DEBUG_INFORMATION_FORMAT = dwarf;
				ENABLE_STRICT_OBJC_MSGSEND = YES;
				ENABLE_TESTABILITY = YES;
				GCC_C_LANGUAGE_STANDARD = gnu11;
				GCC_DYNAMIC_NO_PIC = NO;
				GCC_NO_COMMON_BLOCKS = YES;
				GCC_OPTIMIZATION_LEVEL = 0;
				GCC_PREPROCESSOR_DEFINITIONS = (
					"DEBUG=1",
					"$(inherited)",
				);
				GCC_WARN_64_TO_32_BIT_CONVERSION = YES;
				GCC_WARN_ABOUT_RETURN_TYPE = YES_ERROR;
				GCC_WARN_UNDECLARED_SELECTOR = YES;
				GCC_WARN_UNINITIALIZED_AUTOS = YES_AGGRESSIVE;
				GCC_WARN_UNUSED_FUNCTION = YES;
				GCC_WARN_UNUSED_VARIABLE = YES;
				IPHONEOS_DEPLOYMENT_TARGET = 13.2;
				MTL_ENABLE_DEBUG_INFO = INCLUDE_SOURCE;
				MTL_FAST_MATH = YES;
				ONLY_ACTIVE_ARCH = YES;
				SDKROOT = iphoneos;
				SWIFT_ACTIVE_COMPILATION_CONDITIONS = DEBUG;
				SWIFT_OPTIMIZATION_LEVEL = "-Onone";
			};
			name = Debug;
		};
		CF8CCBF82392C3A200D3241D /* Release */ = {
			isa = XCBuildConfiguration;
			buildSettings = {
				ALWAYS_SEARCH_USER_PATHS = NO;
				CLANG_ANALYZER_NONNULL = YES;
				CLANG_ANALYZER_NUMBER_OBJECT_CONVERSION = YES_AGGRESSIVE;
				CLANG_CXX_LANGUAGE_STANDARD = "gnu++14";
				CLANG_CXX_LIBRARY = "libc++";
				CLANG_ENABLE_MODULES = YES;
				CLANG_ENABLE_OBJC_ARC = YES;
				CLANG_ENABLE_OBJC_WEAK = YES;
				CLANG_WARN_BLOCK_CAPTURE_AUTORELEASING = YES;
				CLANG_WARN_BOOL_CONVERSION = YES;
				CLANG_WARN_COMMA = YES;
				CLANG_WARN_CONSTANT_CONVERSION = YES;
				CLANG_WARN_DEPRECATED_OBJC_IMPLEMENTATIONS = YES;
				CLANG_WARN_DIRECT_OBJC_ISA_USAGE = YES_ERROR;
				CLANG_WARN_DOCUMENTATION_COMMENTS = YES;
				CLANG_WARN_EMPTY_BODY = YES;
				CLANG_WARN_ENUM_CONVERSION = YES;
				CLANG_WARN_INFINITE_RECURSION = YES;
				CLANG_WARN_INT_CONVERSION = YES;
				CLANG_WARN_NON_LITERAL_NULL_CONVERSION = YES;
				CLANG_WARN_OBJC_IMPLICIT_RETAIN_SELF = YES;
				CLANG_WARN_OBJC_LITERAL_CONVERSION = YES;
				CLANG_WARN_OBJC_ROOT_CLASS = YES_ERROR;
				CLANG_WARN_RANGE_LOOP_ANALYSIS = YES;
				CLANG_WARN_STRICT_PROTOTYPES = YES;
				CLANG_WARN_SUSPICIOUS_MOVE = YES;
				CLANG_WARN_UNGUARDED_AVAILABILITY = YES_AGGRESSIVE;
				CLANG_WARN_UNREACHABLE_CODE = YES;
				CLANG_WARN__DUPLICATE_METHOD_MATCH = YES;
				COPY_PHASE_STRIP = NO;
				DEBUG_INFORMATION_FORMAT = "dwarf-with-dsym";
				ENABLE_NS_ASSERTIONS = NO;
				ENABLE_STRICT_OBJC_MSGSEND = YES;
				GCC_C_LANGUAGE_STANDARD = gnu11;
				GCC_NO_COMMON_BLOCKS = YES;
				GCC_WARN_64_TO_32_BIT_CONVERSION = YES;
				GCC_WARN_ABOUT_RETURN_TYPE = YES_ERROR;
				GCC_WARN_UNDECLARED_SELECTOR = YES;
				GCC_WARN_UNINITIALIZED_AUTOS = YES_AGGRESSIVE;
				GCC_WARN_UNUSED_FUNCTION = YES;
				GCC_WARN_UNUSED_VARIABLE = YES;
				IPHONEOS_DEPLOYMENT_TARGET = 13.2;
				MTL_ENABLE_DEBUG_INFO = NO;
				MTL_FAST_MATH = YES;
				SDKROOT = iphoneos;
				SWIFT_COMPILATION_MODE = wholemodule;
				SWIFT_OPTIMIZATION_LEVEL = "-O";
				VALIDATE_PRODUCT = YES;
			};
			name = Release;
		};
		CF8CCBFA2392C3A200D3241D /* Debug */ = {
			isa = XCBuildConfiguration;
			buildSettings = {
				ASSETCATALOG_COMPILER_APPICON_NAME = AppIcon;
				CODE_SIGN_STYLE = Automatic;
				INFOPLIST_FILE = proyecto117/Info.plist;
				LD_RUNPATH_SEARCH_PATHS = (
					"$(inherited)",
					"@executable_path/Frameworks",
				);
				PRODUCT_BUNDLE_IDENTIFIER = unam.com.mx.proyecto117;
				PRODUCT_NAME = "$(TARGET_NAME)";
				SWIFT_VERSION = 5.0;
				TARGETED_DEVICE_FAMILY = "1,2";
			};
			name = Debug;
		};
		CF8CCBFB2392C3A200D3241D /* Release */ = {
			isa = XCBuildConfiguration;
			buildSettings = {
				ASSETCATALOG_COMPILER_APPICON_NAME = AppIcon;
				CODE_SIGN_STYLE = Automatic;
				INFOPLIST_FILE = proyecto117/Info.plist;
				LD_RUNPATH_SEARCH_PATHS = (
					"$(inherited)",
					"@executable_path/Frameworks",
				);
				PRODUCT_BUNDLE_IDENTIFIER = unam.com.mx.proyecto117;
				PRODUCT_NAME = "$(TARGET_NAME)";
				SWIFT_VERSION = 5.0;
				TARGETED_DEVICE_FAMILY = "1,2";
			};
			name = Release;
		};
/* End XCBuildConfiguration section */

/* Begin XCConfigurationList section */
		CF8CCBE02392C3A000D3241D /* Build configuration list for PBXProject "proyecto117" */ = {
			isa = XCConfigurationList;
			buildConfigurations = (
				CF8CCBF72392C3A200D3241D /* Debug */,
				CF8CCBF82392C3A200D3241D /* Release */,
			);
			defaultConfigurationIsVisible = 0;
			defaultConfigurationName = Release;
		};
		CF8CCBF92392C3A200D3241D /* Build configuration list for PBXNativeTarget "proyecto117" */ = {
			isa = XCConfigurationList;
			buildConfigurations = (
				CF8CCBFA2392C3A200D3241D /* Debug */,
				CF8CCBFB2392C3A200D3241D /* Release */,
			);
			defaultConfigurationIsVisible = 0;
			defaultConfigurationName = Release;
		};
/* End XCConfigurationList section */
	};
	rootObject = CF8CCBDD2392C3A000D3241D /* Project object */;
}
